
Microsoft Visual Studio Solution File, Format Version 12.00
# Visual Studio Version 17
VisualStudioVersion = 17.0.31903.59
MinimumVisualStudioVersion = 10.0.40219.1
Project("{2150E333-8FDC-42A3-9474-1A3956D46DE8}") = "Solution Items", "Solution Items", "{EF7253FF-FB21-49F7-8554-6D036F0D4B98}"
	ProjectSection(SolutionItems) = preProject
		.editorconfig = .editorconfig
		.gitattributes = .gitattributes
		.gitignore = .gitignore
		Directory.Build.props = Directory.Build.props
		Directory.Build.targets = Directory.Build.targets
		README.md = README.md
		global.json = global.json
	EndProjectSection
EndProject
Project("{9A19103F-16F7-4668-BE54-9A1E7A4F7556}") = "OpenTelemetry.Proxy", "src\OpenTelemetry.Proxy\OpenTelemetry.Proxy.csproj", "{8FBFF91C-7BB4-4F0A-A86B-E9CFE75CA6D2}"
EndProject
Project("{2150E333-8FDC-42A3-9474-1A3956D46DE8}") = "src", "src", "{3EDC5428-8807-4638-938C-A3AE3D7AA262}"
	ProjectSection(SolutionItems) = preProject
		src\Directory.Build.props = src\Directory.Build.props
	EndProjectSection
EndProject
Project("{2150E333-8FDC-42A3-9474-1A3956D46DE8}") = "test", "test", "{2F4707CE-56BC-4148-847C-D9875C5C3EC4}"
	ProjectSection(SolutionItems) = preProject
		test\Directory.Build.props = test\Directory.Build.props
	EndProjectSection
EndProject
Project("{9A19103F-16F7-4668-BE54-9A1E7A4F7556}") = "OpenTelemetry.Proxy.Tests", "test\OpenTelemetry.Proxy.Tests\OpenTelemetry.Proxy.Tests.csproj", "{32C63373-98BA-48AD-96D5-B08FB0D026C5}"
EndProject
Project("{2150E333-8FDC-42A3-9474-1A3956D46DE8}") = "demo", "demo", "{513A2B43-4F20-4013-961A-6644DB084610}"
	ProjectSection(SolutionItems) = preProject
		demo\Directory.Build.props = demo\Directory.Build.props
	EndProjectSection
EndProject
Project("{9A19103F-16F7-4668-BE54-9A1E7A4F7556}") = "OpenTelemetry.Proxy.Demo", "demo\OpenTelemetry.Proxy.Demo\OpenTelemetry.Proxy.Demo.csproj", "{ED3DB13B-7AA4-43AA-A659-72B137C7466E}"
EndProject

Project("{FAE04EC0-301F-11D3-BF4B-00C04F79EFBC}") = "OpenTelemetry.Proxy.TestClass", "test\OpenTelemetry.Proxy.TestClass\OpenTelemetry.Proxy.TestClass.csproj", "{793613F8-B47D-41C2-A657-F730E68503AF}"
EndProject

Project("{FAE04EC0-301F-11D3-BF4B-00C04F79EFBC}") = "OpenTelemetry.Proxy.SourceGenerator", "src\OpenTelemetry.Proxy.SourceGenerator\OpenTelemetry.Proxy.SourceGenerator.csproj", "{A1B2C3D4-E5F6-7890-ABCD-EF1234567890}"
EndProject
Project("{FAE04EC0-301F-11D3-BF4B-00C04F79EFBC}") = "OpenTelemetry.Proxy.SourceGenerator.Tests", "test\OpenTelemetry.Proxy.SourceGenerator.Tests\OpenTelemetry.Proxy.SourceGenerator.Tests.csproj", "{B8251B91-EEE0-47A9-8C3E-4891EE830691}"
EndProject
Global
	GlobalSection(SolutionConfigurationPlatforms) = preSolution
		Debug|Any CPU = Debug|Any CPU
		Debug|x64 = Debug|x64
		Debug|x86 = Debug|x86
		Release|Any CPU = Release|Any CPU
		Release|x64 = Release|x64
		Release|x86 = Release|x86
	EndGlobalSection
	GlobalSection(ProjectConfigurationPlatforms) = postSolution
		{8FBFF91C-7BB4-4F0A-A86B-E9CFE75CA6D2}.Debug|Any CPU.ActiveCfg = Debug|Any CPU
		{8FBFF91C-7BB4-4F0A-A86B-E9CFE75CA6D2}.Debug|Any CPU.Build.0 = Debug|Any CPU
		{8FBFF91C-7BB4-4F0A-A86B-E9CFE75CA6D2}.Debug|x64.ActiveCfg = Debug|Any CPU
		{8FBFF91C-7BB4-4F0A-A86B-E9CFE75CA6D2}.Debug|x64.Build.0 = Debug|Any CPU
		{8FBFF91C-7BB4-4F0A-A86B-E9CFE75CA6D2}.Debug|x86.ActiveCfg = Debug|Any CPU
		{8FBFF91C-7BB4-4F0A-A86B-E9CFE75CA6D2}.Debug|x86.Build.0 = Debug|Any CPU
		{8FBFF91C-7BB4-4F0A-A86B-E9CFE75CA6D2}.Release|Any CPU.ActiveCfg = Release|Any CPU
		{8FBFF91C-7BB4-4F0A-A86B-E9CFE75CA6D2}.Release|Any CPU.Build.0 = Release|Any CPU
		{8FBFF91C-7BB4-4F0A-A86B-E9CFE75CA6D2}.Release|x64.ActiveCfg = Release|Any CPU
		{8FBFF91C-7BB4-4F0A-A86B-E9CFE75CA6D2}.Release|x64.Build.0 = Release|Any CPU
		{8FBFF91C-7BB4-4F0A-A86B-E9CFE75CA6D2}.Release|x86.ActiveCfg = Release|Any CPU
		{8FBFF91C-7BB4-4F0A-A86B-E9CFE75CA6D2}.Release|x86.Build.0 = Release|Any CPU
		{32C63373-98BA-48AD-96D5-B08FB0D026C5}.Debug|Any CPU.ActiveCfg = Debug|Any CPU
		{32C63373-98BA-48AD-96D5-B08FB0D026C5}.Debug|Any CPU.Build.0 = Debug|Any CPU
		{32C63373-98BA-48AD-96D5-B08FB0D026C5}.Debug|x64.ActiveCfg = Debug|Any CPU
		{32C63373-98BA-48AD-96D5-B08FB0D026C5}.Debug|x64.Build.0 = Debug|Any CPU
		{32C63373-98BA-48AD-96D5-B08FB0D026C5}.Debug|x86.ActiveCfg = Debug|Any CPU
		{32C63373-98BA-48AD-96D5-B08FB0D026C5}.Debug|x86.Build.0 = Debug|Any CPU
		{32C63373-98BA-48AD-96D5-B08FB0D026C5}.Release|Any CPU.ActiveCfg = Release|Any CPU
		{32C63373-98BA-48AD-96D5-B08FB0D026C5}.Release|Any CPU.Build.0 = Release|Any CPU
		{32C63373-98BA-48AD-96D5-B08FB0D026C5}.Release|x64.ActiveCfg = Release|Any CPU
		{32C63373-98BA-48AD-96D5-B08FB0D026C5}.Release|x64.Build.0 = Release|Any CPU
		{32C63373-98BA-48AD-96D5-B08FB0D026C5}.Release|x86.ActiveCfg = Release|Any CPU
		{32C63373-98BA-48AD-96D5-B08FB0D026C5}.Release|x86.Build.0 = Release|Any CPU
		{ED3DB13B-7AA4-43AA-A659-72B137C7466E}.Debug|Any CPU.ActiveCfg = Debug|Any CPU
		{ED3DB13B-7AA4-43AA-A659-72B137C7466E}.Debug|Any CPU.Build.0 = Debug|Any CPU
		{ED3DB13B-7AA4-43AA-A659-72B137C7466E}.Debug|x64.ActiveCfg = Debug|Any CPU
		{ED3DB13B-7AA4-43AA-A659-72B137C7466E}.Debug|x64.Build.0 = Debug|Any CPU
		{ED3DB13B-7AA4-43AA-A659-72B137C7466E}.Debug|x86.ActiveCfg = Debug|Any CPU
		{ED3DB13B-7AA4-43AA-A659-72B137C7466E}.Debug|x86.Build.0 = Debug|Any CPU
		{ED3DB13B-7AA4-43AA-A659-72B137C7466E}.Release|Any CPU.ActiveCfg = Release|Any CPU
		{ED3DB13B-7AA4-43AA-A659-72B137C7466E}.Release|Any CPU.Build.0 = Release|Any CPU
		{ED3DB13B-7AA4-43AA-A659-72B137C7466E}.Release|x64.ActiveCfg = Release|Any CPU
		{ED3DB13B-7AA4-43AA-A659-72B137C7466E}.Release|x64.Build.0 = Release|Any CPU
		{ED3DB13B-7AA4-43AA-A659-72B137C7466E}.Release|x86.ActiveCfg = Release|Any CPU
		{ED3DB13B-7AA4-43AA-A659-72B137C7466E}.Release|x86.Build.0 = Release|Any CPU

		{793613F8-B47D-41C2-A657-F730E68503AF}.Debug|Any CPU.ActiveCfg = Release|Any CPU
		{793613F8-B47D-41C2-A657-F730E68503AF}.Debug|Any CPU.Build.0 = Release|Any CPU
		{793613F8-B47D-41C2-A657-F730E68503AF}.Debug|x64.ActiveCfg = Debug|Any CPU
		{793613F8-B47D-41C2-A657-F730E68503AF}.Debug|x64.Build.0 = Debug|Any CPU
		{793613F8-B47D-41C2-A657-F730E68503AF}.Debug|x86.ActiveCfg = Debug|Any CPU
		{793613F8-B47D-41C2-A657-F730E68503AF}.Debug|x86.Build.0 = Debug|Any CPU
		{793613F8-B47D-41C2-A657-F730E68503AF}.Release|Any CPU.ActiveCfg = Release|Any CPU
		{793613F8-B47D-41C2-A657-F730E68503AF}.Release|Any CPU.Build.0 = Release|Any CPU
		{793613F8-B47D-41C2-A657-F730E68503AF}.Release|x64.ActiveCfg = Release|Any CPU
		{793613F8-B47D-41C2-A657-F730E68503AF}.Release|x64.Build.0 = Release|Any CPU
		{793613F8-B47D-41C2-A657-F730E68503AF}.Release|x86.ActiveCfg = Release|Any CPU
		{793613F8-B47D-41C2-A657-F730E68503AF}.Release|x86.Build.0 = Release|Any CPU

		{A1B2C3D4-E5F6-7890-ABCD-EF1234567890}.Debug|Any CPU.ActiveCfg = Debug|Any CPU
		{A1B2C3D4-E5F6-7890-ABCD-EF1234567890}.Debug|Any CPU.Build.0 = Debug|Any CPU
		{A1B2C3D4-E5F6-7890-ABCD-EF1234567890}.Debug|x64.ActiveCfg = Debug|Any CPU
		{A1B2C3D4-E5F6-7890-ABCD-EF1234567890}.Debug|x64.Build.0 = Debug|Any CPU
		{A1B2C3D4-E5F6-7890-ABCD-EF1234567890}.Debug|x86.ActiveCfg = Debug|Any CPU
		{A1B2C3D4-E5F6-7890-ABCD-EF1234567890}.Debug|x86.Build.0 = Debug|Any CPU
		{A1B2C3D4-E5F6-7890-ABCD-EF1234567890}.Release|Any CPU.ActiveCfg = Release|Any CPU
		{A1B2C3D4-E5F6-7890-ABCD-EF1234567890}.Release|Any CPU.Build.0 = Release|Any CPU
		{A1B2C3D4-E5F6-7890-ABCD-EF1234567890}.Release|x64.ActiveCfg = Release|Any CPU
		{A1B2C3D4-E5F6-7890-ABCD-EF1234567890}.Release|x64.Build.0 = Release|Any CPU
		{A1B2C3D4-E5F6-7890-ABCD-EF1234567890}.Release|x86.ActiveCfg = Release|Any CPU
		{A1B2C3D4-E5F6-7890-ABCD-EF1234567890}.Release|x86.Build.0 = Release|Any CPU
		{B8251B91-EEE0-47A9-8C3E-4891EE830691}.Debug|Any CPU.ActiveCfg = Debug|Any CPU
		{B8251B91-EEE0-47A9-8C3E-4891EE830691}.Debug|Any CPU.Build.0 = Debug|Any CPU
		{B8251B91-EEE0-47A9-8C3E-4891EE830691}.Debug|x64.ActiveCfg = Debug|Any CPU
		{B8251B91-EEE0-47A9-8C3E-4891EE830691}.Debug|x64.Build.0 = Debug|Any CPU
		{B8251B91-EEE0-47A9-8C3E-4891EE830691}.Debug|x86.ActiveCfg = Debug|Any CPU
		{B8251B91-EEE0-47A9-8C3E-4891EE830691}.Debug|x86.Build.0 = Debug|Any CPU
		{B8251B91-EEE0-47A9-8C3E-4891EE830691}.Release|Any CPU.ActiveCfg = Release|Any CPU
		{B8251B91-EEE0-47A9-8C3E-4891EE830691}.Release|Any CPU.Build.0 = Release|Any CPU
		{B8251B91-EEE0-47A9-8C3E-4891EE830691}.Release|x64.ActiveCfg = Release|Any CPU
		{B8251B91-EEE0-47A9-8C3E-4891EE830691}.Release|x64.Build.0 = Release|Any CPU
		{B8251B91-EEE0-47A9-8C3E-4891EE830691}.Release|x86.ActiveCfg = Release|Any CPU
		{B8251B91-EEE0-47A9-8C3E-4891EE830691}.Release|x86.Build.0 = Release|Any CPU
	EndGlobalSection
	GlobalSection(SolutionProperties) = preSolution
		HideSolutionNode = FALSE
	EndGlobalSection
	GlobalSection(NestedProjects) = preSolution
		{8FBFF91C-7BB4-4F0A-A86B-E9CFE75CA6D2} = {3EDC5428-8807-4638-938C-A3AE3D7AA262}
		{32C63373-98BA-48AD-96D5-B08FB0D026C5} = {2F4707CE-56BC-4148-847C-D9875C5C3EC4}
		{ED3DB13B-7AA4-43AA-A659-72B137C7466E} = {513A2B43-4F20-4013-961A-6644DB084610}
		{793613F8-B47D-41C2-A657-F730E68503AF} = {2F4707CE-56BC-4148-847C-D9875C5C3EC4}
		{A1B2C3D4-E5F6-7890-ABCD-EF1234567890} = {3EDC5428-8807-4638-938C-A3AE3D7AA262}
		{B8251B91-EEE0-47A9-8C3E-4891EE830691} = {2F4707CE-56BC-4148-847C-D9875C5C3EC4}
	EndGlobalSection
	GlobalSection(ExtensibilityGlobals) = postSolution
		SolutionGuid = {A1DF9CB4-8A59-4F99-A61A-D67C19908FD8}
	EndGlobalSection
EndGlobal
